
Microsoft Visual Studio Solution File, Format Version 12.00
# Visual Studio Version 17
VisualStudioVersion = 17.1.32407.343
MinimumVisualStudioVersion = 10.0.40219.1
Project("{FAE04EC0-301F-11D3-BF4B-00C04F79EFBC}") = "CodingTracker", "CodingTracker\CodingTracker.csproj", "{AE1DD31A-FB98-4EEF-9F72-DDA53C9A484F}"
EndProject
Global
	GlobalSection(SolutionConfigurationPlatforms) = preSolution
		Debug|Any CPU = Debug|Any CPU
		Release|Any CPU = Release|Any CPU
	EndGlobalSection
	GlobalSection(ProjectConfigurationPlatforms) = postSolution
		{AE1DD31A-FB98-4EEF-9F72-DDA53C9A484F}.Debug|Any CPU.ActiveCfg = Debug|Any CPU
		{AE1DD31A-FB98-4EEF-9F72-DDA53C9A484F}.Debug|Any CPU.Build.0 = Debug|Any CPU
		{AE1DD31A-FB98-4EEF-9F72-DDA53C9A484F}.Release|Any CPU.ActiveCfg = Release|Any CPU
		{AE1DD31A-FB98-4EEF-9F72-DDA53C9A484F}.Release|Any CPU.Build.0 = Release|Any CPU
	EndGlobalSection
	GlobalSection(SolutionProperties) = preSolution
		HideSolutionNode = FALSE
	EndGlobalSection
	GlobalSection(ExtensibilityGlobals) = postSolution
		SolutionGuid = {03CDADC2-903E-40B7-8867-503239160E61}
	EndGlobalSection
EndGlobal
